
Microsoft Visual Studio Solution File, Format Version 12.00
# Visual Studio Version 16
VisualStudioVersion = 16.0.30309.148
MinimumVisualStudioVersion = 10.0.40219.1
Project("{FAE04EC0-301F-11D3-BF4B-00C04F79EFBC}") = "SimpleApp", "SimpleApp\SimpleApp.csproj", "{AE0F6BBB-0031-442C-B797-1CDEF324DFD9}"
EndProject
Global
	GlobalSection(SolutionConfigurationPlatforms) = preSolution
		Debug|Any CPU = Debug|Any CPU
		Release|Any CPU = Release|Any CPU
	EndGlobalSection
	GlobalSection(ProjectConfigurationPlatforms) = postSolution
		{AE0F6BBB-0031-442C-B797-1CDEF324DFD9}.Debug|Any CPU.ActiveCfg = Debug|Any CPU
		{AE0F6BBB-0031-442C-B797-1CDEF324DFD9}.Debug|Any CPU.Build.0 = Debug|Any CPU
		{AE0F6BBB-0031-442C-B797-1CDEF324DFD9}.Release|Any CPU.ActiveCfg = Release|Any CPU
		{AE0F6BBB-0031-442C-B797-1CDEF324DFD9}.Release|Any CPU.Build.0 = Release|Any CPU
	EndGlobalSection
	GlobalSection(SolutionProperties) = preSolution
		HideSolutionNode = FALSE
	EndGlobalSection
	GlobalSection(ExtensibilityGlobals) = postSolution
		SolutionGuid = {EF2C43CB-3536-4A79-8F93-A5AFAA4BE845}
	EndGlobalSection
EndGlobal
