
Microsoft Visual Studio Solution File, Format Version 12.00
# Visual Studio Version 16
VisualStudioVersion = 16.0.30320.27
MinimumVisualStudioVersion = 10.0.40219.1
Project("{FAE04EC0-301F-11D3-BF4B-00C04F79EFBC}") = "mediatorTest", "mediatorTest\mediatorTest.csproj", "{D79DF888-1FA3-433C-866C-87D24995CD43}"
EndProject
Global
	GlobalSection(SolutionConfigurationPlatforms) = preSolution
		Debug|Any CPU = Debug|Any CPU
		Release|Any CPU = Release|Any CPU
	EndGlobalSection
	GlobalSection(ProjectConfigurationPlatforms) = postSolution
		{D79DF888-1FA3-433C-866C-87D24995CD43}.Debug|Any CPU.ActiveCfg = Debug|Any CPU
		{D79DF888-1FA3-433C-866C-87D24995CD43}.Debug|Any CPU.Build.0 = Debug|Any CPU
		{D79DF888-1FA3-433C-866C-87D24995CD43}.Release|Any CPU.ActiveCfg = Release|Any CPU
		{D79DF888-1FA3-433C-866C-87D24995CD43}.Release|Any CPU.Build.0 = Release|Any CPU
	EndGlobalSection
	GlobalSection(SolutionProperties) = preSolution
		HideSolutionNode = FALSE
	EndGlobalSection
	GlobalSection(ExtensibilityGlobals) = postSolution
		SolutionGuid = {8D2828D0-37C1-4443-B9A2-0F6CADBC3427}
	EndGlobalSection
EndGlobal
