
Microsoft Visual Studio Solution File, Format Version 12.00
# Visual Studio Version 16
VisualStudioVersion = 16.0.30320.27
MinimumVisualStudioVersion = 10.0.40219.1
Project("{FAE04EC0-301F-11D3-BF4B-00C04F79EFBC}") = "TMoviesDex", "TMoviesDex\TMoviesDex.csproj", "{D9D06D31-ED0D-4ED0-8055-FFB0E9B7CD07}"
EndProject
Project("{2150E333-8FDC-42A3-9474-1A3956D46DE8}") = "DevExtreme NuGet.config", "DevExtreme NuGet.config", "{18673240-0FC0-4CBF-810D-206B0DAA0E8A}"
	ProjectSection(SolutionItems) = preProject
		NuGet.config = NuGet.config
	EndProjectSection
EndProject
Global
	GlobalSection(SolutionConfigurationPlatforms) = preSolution
		Debug|Any CPU = Debug|Any CPU
		Release|Any CPU = Release|Any CPU
	EndGlobalSection
	GlobalSection(ProjectConfigurationPlatforms) = postSolution
		{D9D06D31-ED0D-4ED0-8055-FFB0E9B7CD07}.Debug|Any CPU.ActiveCfg = Debug|Any CPU
		{D9D06D31-ED0D-4ED0-8055-FFB0E9B7CD07}.Debug|Any CPU.Build.0 = Debug|Any CPU
		{D9D06D31-ED0D-4ED0-8055-FFB0E9B7CD07}.Release|Any CPU.ActiveCfg = Release|Any CPU
		{D9D06D31-ED0D-4ED0-8055-FFB0E9B7CD07}.Release|Any CPU.Build.0 = Release|Any CPU
	EndGlobalSection
	GlobalSection(SolutionProperties) = preSolution
		HideSolutionNode = FALSE
	EndGlobalSection
	GlobalSection(ExtensibilityGlobals) = postSolution
		SolutionGuid = {3A654DE9-5FAD-4FCF-910C-07408625A036}
	EndGlobalSection
EndGlobal
